<?xml version="1.0" encoding="utf-8"?>
<Project ToolsVersion="4.0" xmlns="http://schemas.microsoft.com/developer/msbuild/2003">
  <ItemGroup>
    <Filter Include="Source Files">
      <UniqueIdentifier>{4FC737F1-C7A5-4376-A066-2A32D752A2FF}</UniqueIdentifier>
      <Extensions>cpp;c;cc;cxx;def;odl;idl;hpj;bat;asm;asmx</Extensions>
    </Filter>
    <Filter Include="Header Files">
      <UniqueIdentifier>{93995380-89BD-4b04-88EB-625FBE52EBFB}</UniqueIdentifier>
      <Extensions>h;hpp;hxx;hm;inl;inc;xsd</Extensions>
    </Filter>
    <Filter Include="Resource Files">
      <UniqueIdentifier>{67DA6AB6-F800-4c08-8B7A-83BB121AAD01}</UniqueIdentifier>
      <Extensions>rc;ico;cur;bmp;dlg;rc2;rct;bin;rgs;gif;jpg;jpeg;jpe;resx;tiff;tif;png;wav;mfcribbon-ms</Extensions>
    </Filter>
  </ItemGroup>
  <ItemGroup>
    <ClCompile Include="bgiout.cxx">
      <Filter>Source Files</Filter>
    </ClCompile>
    <ClCompile Include="winthread.cxx">
      <Filter>Source Files</Filter>
    </ClCompile>
    <ClCompile Include="drawing.cxx">
      <Filter>Source Files</Filter>
    </ClCompile>
    <ClCompile Include="misc.cxx">
      <Filter>Source Files</Filter>
    </ClCompile>
    <ClCompile Include="palette.cxx">
      <Filter>Source Files</Filter>
    </ClCompile>
    <ClCompile Include="text.cxx">
      <Filter>Source Files</Filter>
    </ClCompile>
    <ClCompile Include="mouse.cxx">
      <Filter>Source Files</Filter>
    </ClCompile>
    <ClCompile Include="winbgi.cxx">
      <Filter>Source Files</Filter>
    </ClCompile>
    <ClCompile Include="file.cxx">
      <Filter>Source Files</Filter>
    </ClCompile>
    <ClCompile Include="dibutil.cxx">
      <Filter>Source Files</Filter>
    </ClCompile>
    <ClCompile Include="DALT.cpp">
      <Filter>Source Files</Filter>
    </ClCompile>
    <ClCompile Include="Grap.cpp">
      <Filter>Source Files</Filter>
    </ClCompile>
    <ClCompile Include="Account.cpp">
      <Filter>Source Files</Filter>
    </ClCompile>
    <ClCompile Include="AccountAccessGrap.cpp">
      <Filter>Source Files</Filter>
    </ClCompile>
    <ClCompile Include="ThongTinNhanVien.cpp">
      <Filter>Source Files</Filter>
    </ClCompile>
    <ClCompile Include="ThongTinNVAccessGrap.cpp">
      <Filter>Source Files</Filter>
    </ClCompile>
    <ClCompile Include="HoaDon.cpp">
      <Filter>Source Files</Filter>
    </ClCompile>
    <ClCompile Include="XuatKho.cpp">
      <Filter>Source Files</Filter>
    </ClCompile>
    <ClCompile Include="CauHinh.cpp">
      <Filter>Source Files</Filter>
    </ClCompile>
    <ClCompile Include="XuatKhoAccessGrap.cpp">
      <Filter>Source Files</Filter>
    </ClCompile>
    <ClCompile Include="DataAccessGrap.cpp">
      <Filter>Source Files</Filter>
    </ClCompile>
    <ClCompile Include="CauHinhAccessGrap.cpp">
      <Filter>Source Files</Filter>
    </ClCompile>
    <ClCompile Include="HoaDonAccessGrap.cpp">
      <Filter>Source Files</Filter>
    </ClCompile>
    <ClCompile Include="NhapKho.cpp">
      <Filter>Source Files</Filter>
    </ClCompile>
    <ClCompile Include="NhapKhoAccessGrap.cpp">
      <Filter>Source Files</Filter>
    </ClCompile>
    <ClCompile Include="ThongTinKhachHang.cpp">
      <Filter>Source Files</Filter>
    </ClCompile>
    <ClCompile Include="ThongTInKHAccessGrap.cpp">
      <Filter>Source Files</Filter>
    </ClCompile>
    <ClCompile Include="ThongTinSanPham.cpp">
      <Filter>Source Files</Filter>
    </ClCompile>
    <ClCompile Include="ThongTinSPAccessGrap.cpp">
      <Filter>Source Files</Filter>
    </ClCompile>
    <ClCompile Include="Kho.cpp">
      <Filter>Source Files</Filter>
    </ClCompile>
    <ClCompile Include="KhoAccessGrap.cpp">
      <Filter>Source Files</Filter>
    </ClCompile>
  </ItemGroup>
  <ItemGroup>
    <ClInclude Include="winbgim.h">
      <Filter>Header Files</Filter>
    </ClInclude>
    <ClInclude Include="winbgitypes.h">
      <Filter>Header Files</Filter>
    </ClInclude>
    <ClInclude Include="graphics.h">
      <Filter>Header Files</Filter>
    </ClInclude>
    <ClInclude Include="winbgi.h">
      <Filter>Header Files</Filter>
    </ClInclude>
    <ClInclude Include="dibutil.h">
      <Filter>Header Files</Filter>
    </ClInclude>
    <ClInclude Include="Grap.h">
      <Filter>Header Files</Filter>
    </ClInclude>
    <ClInclude Include="Account.h">
      <Filter>Header Files</Filter>
    </ClInclude>
    <ClInclude Include="AccountAccessGrap.h">
      <Filter>Header Files</Filter>
    </ClInclude>
    <ClInclude Include="ThongTinNhanVien.h">
      <Filter>Header Files</Filter>
    </ClInclude>
    <ClInclude Include="ThongTinNVAccessGrap.h">
      <Filter>Header Files</Filter>
    </ClInclude>
    <ClInclude Include="HoaDon.h">
      <Filter>Header Files</Filter>
    </ClInclude>
    <ClInclude Include="XuatKho.h">
      <Filter>Header Files</Filter>
    </ClInclude>
    <ClInclude Include="CauHinh.h">
      <Filter>Header Files</Filter>
    </ClInclude>
    <ClInclude Include="XuatKhoAccessGrap.h">
      <Filter>Header Files</Filter>
    </ClInclude>
    <ClInclude Include="DataAccessGrap.h">
      <Filter>Header Files</Filter>
    </ClInclude>
    <ClInclude Include="CauHinhAccessGrap.h">
      <Filter>Header Files</Filter>
    </ClInclude>
    <ClInclude Include="HoaDonAccessGrap.h">
      <Filter>Header Files</Filter>
    </ClInclude>
    <ClInclude Include="NhapKho.h">
      <Filter>Header Files</Filter>
    </ClInclude>
    <ClInclude Include="NhapKhoAccessGrap.h">
      <Filter>Header Files</Filter>
    </ClInclude>
    <ClInclude Include="ThongTinKhachHang.h">
      <Filter>Header Files</Filter>
    </ClInclude>
    <ClInclude Include="ThongTinKHAccessGrap.h">
      <Filter>Header Files</Filter>
    </ClInclude>
    <ClInclude Include="ThongTinSanPham.h">
      <Filter>Header Files</Filter>
    </ClInclude>
    <ClInclude Include="ThongTinSPAccessGrap.h">
      <Filter>Header Files</Filter>
    </ClInclude>
    <ClInclude Include="Kho.h">
      <Filter>Header Files</Filter>
    </ClInclude>
    <ClInclude Include="KhoAccessGrap.h">
      <Filter>Header Files</Filter>
    </ClInclude>
  </ItemGroup>
</Project>